
Microsoft Visual Studio Solution File, Format Version 12.00
# Visual Studio Version 16
VisualStudioVersion = 16.0.30804.86
MinimumVisualStudioVersion = 10.0.40219.1
Project("{FAE04EC0-301F-11D3-BF4B-00C04F79EFBC}") = "Serial Port", "Serial Port\Serial Port.csproj", "{A50617A2-56E5-4A94-B76F-86FE1DEFA025}"
EndProject
Global
	GlobalSection(SolutionConfigurationPlatforms) = preSolution
		Debug|Any CPU = Debug|Any CPU
		Release|Any CPU = Release|Any CPU
	EndGlobalSection
	GlobalSection(ProjectConfigurationPlatforms) = postSolution
		{A50617A2-56E5-4A94-B76F-86FE1DEFA025}.Debug|Any CPU.ActiveCfg = Debug|Any CPU
		{A50617A2-56E5-4A94-B76F-86FE1DEFA025}.Debug|Any CPU.Build.0 = Debug|Any CPU
		{A50617A2-56E5-4A94-B76F-86FE1DEFA025}.Release|Any CPU.ActiveCfg = Release|Any CPU
		{A50617A2-56E5-4A94-B76F-86FE1DEFA025}.Release|Any CPU.Build.0 = Release|Any CPU
	EndGlobalSection
	GlobalSection(SolutionProperties) = preSolution
		HideSolutionNode = FALSE
	EndGlobalSection
	GlobalSection(ExtensibilityGlobals) = postSolution
		SolutionGuid = {2B16B471-C5D8-469C-B465-AAC79FF8FD9E}
	EndGlobalSection
EndGlobal
